
Microsoft Visual Studio Solution File, Format Version 12.00
Project("{FAE04EC0-301F-11D3-BF4B-00C04F79EFBC}") = "Delegate", "Delegate\Delegate.csproj", "{2880427F-200B-401F-9825-3408AEE73A0F}"
EndProject
Global
	GlobalSection(SolutionConfigurationPlatforms) = preSolution
		Debug|Any CPU = Debug|Any CPU
		Release|Any CPU = Release|Any CPU
	EndGlobalSection
	GlobalSection(ProjectConfigurationPlatforms) = postSolution
		{2880427F-200B-401F-9825-3408AEE73A0F}.Debug|Any CPU.ActiveCfg = Debug|Any CPU
		{2880427F-200B-401F-9825-3408AEE73A0F}.Debug|Any CPU.Build.0 = Debug|Any CPU
		{2880427F-200B-401F-9825-3408AEE73A0F}.Release|Any CPU.ActiveCfg = Release|Any CPU
		{2880427F-200B-401F-9825-3408AEE73A0F}.Release|Any CPU.Build.0 = Release|Any CPU
	EndGlobalSection
EndGlobal
